<?xml version="1.0" encoding="utf-8"?>
<Project ToolsVersion="4.0" xmlns="http://schemas.microsoft.com/developer/msbuild/2003">
  <ItemGroup>
    <Filter Include="Source Files">
      <UniqueIdentifier>{4FC737F1-C7A5-4376-A066-2A32D752A2FF}</UniqueIdentifier>
      <Extensions>cpp;c;cc;cxx;def;odl;idl;hpj;bat;asm;asmx</Extensions>
    </Filter>
    <Filter Include="Header Files">
      <UniqueIdentifier>{93995380-89BD-4b04-88EB-625FBE52EBFB}</UniqueIdentifier>
      <Extensions>h;hh;hpp;hxx;hm;inl;inc;xsd</Extensions>
    </Filter>
    <Filter Include="Resource Files">
      <UniqueIdentifier>{67DA6AB6-F800-4c08-8B7A-83BB121AAD01}</UniqueIdentifier>
      <Extensions>rc;ico;cur;bmp;dlg;rc2;rct;bin;rgs;gif;jpg;jpeg;jpe;resx;tiff;tif;png;wav;mfcribbon-ms</Extensions>
    </Filter>
    <Filter Include="Assets">
      <UniqueIdentifier>{a9562f8d-7524-42d1-9357-d1eb01ca92c5}</UniqueIdentifier>
    </Filter>
  </ItemGroup>
  <ItemGroup>
    <ClCompile Include="Source.cpp">
      <Filter>Source Files</Filter>
    </ClCompile>
    <ClCompile Include="Man.cpp">
      <Filter>Source Files</Filter>
    </ClCompile>
    <ClCompile Include="main.cpp">
      <Filter>Source Files</Filter>
    </ClCompile>
    <ClCompile Include="Game.cpp">
      <Filter>Source Files</Filter>
    </ClCompile>
    <ClCompile Include="Meteor.cpp">
      <Filter>Source Files</Filter>
    </ClCompile>
  </ItemGroup>
  <ItemGroup>
    <ClInclude Include="Man.h">
      <Filter>Header Files</Filter>
    </ClInclude>
    <ClInclude Include="Source.h">
      <Filter>Header Files</Filter>
    </ClInclude>
    <ClInclude Include="Game.h">
      <Filter>Header Files</Filter>
    </ClInclude>
    <ClInclude Include="AllegroHeaders.h">
      <Filter>Header Files</Filter>
    </ClInclude>
    <ClInclude Include="Meteor.h">
      <Filter>Header Files</Filter>
    </ClInclude>
  </ItemGroup>
  <ItemGroup>
    <Image Include="guy-Left2.png">
      <Filter>Assets</Filter>
    </Image>
    <Image Include="guy-Left1.png">
      <Filter>Assets</Filter>
    </Image>
    <Image Include="guy-Left0.png">
      <Filter>Assets</Filter>
    </Image>
    <Image Include="ending.png">
      <Filter>Assets</Filter>
    </Image>
  </ItemGroup>
  <ItemGroup>
    <Font Include="arial.ttf">
      <Filter>Assets</Filter>
    </Font>
    <Font Include="arialbd.ttf">
      <Filter>Assets</Filter>
    </Font>
    <Font Include="arialbi.ttf">
      <Filter>Assets</Filter>
    </Font>
    <Font Include="ariali.ttf">
      <Filter>Assets</Filter>
    </Font>
    <Font Include="ARIALN.TTF">
      <Filter>Assets</Filter>
    </Font>
    <Font Include="ARIALNB.TTF">
      <Filter>Assets</Filter>
    </Font>
    <Font Include="ARIALNBI.TTF">
      <Filter>Assets</Filter>
    </Font>
    <Font Include="ARIALNI.TTF">
      <Filter>Assets</Filter>
    </Font>
    <Font Include="ariblk.ttf">
      <Filter>Assets</Filter>
    </Font>
  </ItemGroup>
  <ItemGroup>
    <None Include="packages.config" />
  </ItemGroup>
</Project>